
Microsoft Visual Studio Solution File, Format Version 12.00
# Visual Studio Version 17
VisualStudioVersion = 17.4.33205.214
MinimumVisualStudioVersion = 10.0.40219.1
Project("{FAE04EC0-301F-11D3-BF4B-00C04F79EFBC}") = "ASPNetMongoDB", "ASPNetMongoDB\ASPNetMongoDB.csproj", "{59012969-1A5A-4EF7-A6DA-D10845BA16FD}"
EndProject
Global
	GlobalSection(SolutionConfigurationPlatforms) = preSolution
		Debug|Any CPU = Debug|Any CPU
		Release|Any CPU = Release|Any CPU
	EndGlobalSection
	GlobalSection(ProjectConfigurationPlatforms) = postSolution
		{59012969-1A5A-4EF7-A6DA-D10845BA16FD}.Debug|Any CPU.ActiveCfg = Debug|Any CPU
		{59012969-1A5A-4EF7-A6DA-D10845BA16FD}.Debug|Any CPU.Build.0 = Debug|Any CPU
		{59012969-1A5A-4EF7-A6DA-D10845BA16FD}.Release|Any CPU.ActiveCfg = Release|Any CPU
		{59012969-1A5A-4EF7-A6DA-D10845BA16FD}.Release|Any CPU.Build.0 = Release|Any CPU
	EndGlobalSection
	GlobalSection(SolutionProperties) = preSolution
		HideSolutionNode = FALSE
	EndGlobalSection
	GlobalSection(ExtensibilityGlobals) = postSolution
		SolutionGuid = {A915B43B-64BF-45F9-A576-26F6B268EFB9}
	EndGlobalSection
EndGlobal
